// !$*UTF8*$!
{
	archiveVersion = 1;
	classes = {
	};
	objectVersion = 50;
	objects = {

/* Begin PBXBuildFile section */
		1638B79A23BE461400D0C11A /* PaintingBrush.swift in Sources */ = {isa = PBXBuildFile; fileRef = 1638B79923BE461400D0C11A /* PaintingBrush.swift */; };
		16CA755723C4683B00E9F918 /* SceneDelegate.swift in Sources */ = {isa = PBXBuildFile; fileRef = 16CA755623C4683B00E9F918 /* SceneDelegate.swift */; };
		16CAECB02328E00300C6F33D /* AppDelegate.swift in Sources */ = {isa = PBXBuildFile; fileRef = 16CAECAF2328E00300C6F33D /* AppDelegate.swift */; };
		16CAECB22328E00300C6F33D /* ViewController.swift in Sources */ = {isa = PBXBuildFile; fileRef = 16CAECB12328E00300C6F33D /* ViewController.swift */; };
		16CAECB52328E00300C6F33D /* Main.storyboard in Resources */ = {isa = PBXBuildFile; fileRef = 16CAECB32328E00300C6F33D /* Main.storyboard */; };
		16CAECB72328E00400C6F33D /* Assets.xcassets in Resources */ = {isa = PBXBuildFile; fileRef = 16CAECB62328E00400C6F33D /* Assets.xcassets */; };
		16CAECBA2328E00400C6F33D /* LaunchScreen.storyboard in Resources */ = {isa = PBXBuildFile; fileRef = 16CAECB82328E00400C6F33D /* LaunchScreen.storyboard */; };
		16CAECC22328E4CA00C6F33D /* CanvasViewController.swift in Sources */ = {isa = PBXBuildFile; fileRef = 16CAECC12328E4CA00C6F33D /* CanvasViewController.swift */; };
/* End PBXBuildFile section */

/* Begin PBXFileReference section */
		1638B79923BE461400D0C11A /* PaintingBrush.swift */ = {isa = PBXFileReference; lastKnownFileType = sourcecode.swift; path = PaintingBrush.swift; sourceTree = "<group>"; };
		16CA755623C4683B00E9F918 /* SceneDelegate.swift */ = {isa = PBXFileReference; lastKnownFileType = sourcecode.swift; path = SceneDelegate.swift; sourceTree = "<group>"; };
		16CAECAC2328E00300C6F33D /* DrawDraw.app */ = {isa = PBXFileReference; explicitFileType = wrapper.application; includeInIndex = 0; path = DrawDraw.app; sourceTree = BUILT_PRODUCTS_DIR; };
		16CAECAF2328E00300C6F33D /* AppDelegate.swift */ = {isa = PBXFileReference; lastKnownFileType = sourcecode.swift; path = AppDelegate.swift; sourceTree = "<group>"; };
		16CAECB12328E00300C6F33D /* ViewController.swift */ = {isa = PBXFileReference; lastKnownFileType = sourcecode.swift; path = ViewController.swift; sourceTree = "<group>"; };
		16CAECB42328E00300C6F33D /* Base */ = {isa = PBXFileReference; lastKnownFileType = file.storyboard; name = Base; path = Base.lproj/Main.storyboard; sourceTree = "<group>"; };
		16CAECB62328E00400C6F33D /* Assets.xcassets */ = {isa = PBXFileReference; lastKnownFileType = folder.assetcatalog; path = Assets.xcassets; sourceTree = "<group>"; };
		16CAECB92328E00400C6F33D /* Base */ = {isa = PBXFileReference; lastKnownFileType = file.storyboard; name = Base; path = Base.lproj/LaunchScreen.storyboard; sourceTree = "<group>"; };
		16CAECBB2328E00400C6F33D /* Info.plist */ = {isa = PBXFileReference; lastKnownFileType = text.plist.xml; path = Info.plist; sourceTree = "<group>"; };
		16CAECC12328E4CA00C6F33D /* CanvasViewController.swift */ = {isa = PBXFileReference; lastKnownFileType = sourcecode.swift; path = CanvasViewController.swift; sourceTree = "<group>"; };
/* End PBXFileReference section */

/* Begin PBXFrameworksBuildPhase section */
		16CAECA92328E00300C6F33D /* Frameworks */ = {
			isa = PBXFrameworksBuildPhase;
			buildActionMask = 2147483647;
			files = (
			);
			runOnlyForDeploymentPostprocessing = 0;
		};
/* End PBXFrameworksBuildPhase section */

/* Begin PBXGroup section */
		16CA753523C45D1E00E9F918 /* Supporting Files */ = {
			isa = PBXGroup;
			children = (
				16CAECAF2328E00300C6F33D /* AppDelegate.swift */,
				16CA755623C4683B00E9F918 /* SceneDelegate.swift */,
			);
			path = "Supporting Files";
			sourceTree = "<group>";
		};
		16CAECA32328E00300C6F33D = {
			isa = PBXGroup;
			children = (
				16CAECAE2328E00300C6F33D /* DrawDraw */,
				16CAECAD2328E00300C6F33D /* Products */,
			);
			sourceTree = "<group>";
		};
		16CAECAD2328E00300C6F33D /* Products */ = {
			isa = PBXGroup;
			children = (
				16CAECAC2328E00300C6F33D /* DrawDraw.app */,
			);
			name = Products;
			sourceTree = "<group>";
		};
		16CAECAE2328E00300C6F33D /* DrawDraw */ = {
			isa = PBXGroup;
			children = (
				16CA753523C45D1E00E9F918 /* Supporting Files */,
				16CAECB12328E00300C6F33D /* ViewController.swift */,
				16CAECC12328E4CA00C6F33D /* CanvasViewController.swift */,
				1638B79923BE461400D0C11A /* PaintingBrush.swift */,
				16CAECB32328E00300C6F33D /* Main.storyboard */,
				16CAECB62328E00400C6F33D /* Assets.xcassets */,
				16CAECB82328E00400C6F33D /* LaunchScreen.storyboard */,
				16CAECBB2328E00400C6F33D /* Info.plist */,
			);
			path = DrawDraw;
			sourceTree = "<group>";
		};
/* End PBXGroup section */

/* Begin PBXNativeTarget section */
		16CAECAB2328E00300C6F33D /* DrawDraw */ = {
			isa = PBXNativeTarget;
			buildConfigurationList = 16CAECBE2328E00400C6F33D /* Build configuration list for PBXNativeTarget "DrawDraw" */;
			buildPhases = (
				16CAECA82328E00300C6F33D /* Sources */,
				16CAECA92328E00300C6F33D /* Frameworks */,
				16CAECAA2328E00300C6F33D /* Resources */,
			);
			buildRules = (
			);
			dependencies = (
			);
			name = DrawDraw;
			productName = DrawDraw;
			productReference = 16CAECAC2328E00300C6F33D /* DrawDraw.app */;
			productType = "com.apple.product-type.application";
		};
/* End PBXNativeTarget section */

/* Begin PBXProject section */
		16CAECA42328E00300C6F33D /* Project object */ = {
			isa = PBXProject;
			attributes = {
				LastSwiftUpdateCheck = 1030;
				LastUpgradeCheck = 1030;
				ORGANIZATIONNAME = "黃士軒";
				TargetAttributes = {
					16CAECAB2328E00300C6F33D = {
						CreatedOnToolsVersion = 10.3;
					};
				};
			};
			buildConfigurationList = 16CAECA72328E00300C6F33D /* Build configuration list for PBXProject "DrawDraw" */;
			compatibilityVersion = "Xcode 9.3";
			developmentRegion = en;
			hasScannedForEncodings = 0;
			knownRegions = (
				en,
				Base,
			);
			mainGroup = 16CAECA32328E00300C6F33D;
			productRefGroup = 16CAECAD2328E00300C6F33D /* Products */;
			projectDirPath = "";
			projectRoot = "";
			targets = (
				16CAECAB2328E00300C6F33D /* DrawDraw */,
			);
		};
/* End PBXProject section */

/* Begin PBXResourcesBuildPhase section */
		16CAECAA2328E00300C6F33D /* Resources */ = {
			isa = PBXResourcesBuildPhase;
			buildActionMask = 2147483647;
			files = (
				16CAECBA2328E00400C6F33D /* LaunchScreen.storyboard in Resources */,
				16CAECB72328E00400C6F33D /* Assets.xcassets in Resources */,
				16CAECB52328E00300C6F33D /* Main.storyboard in Resources */,
			);
			runOnlyForDeploymentPostprocessing = 0;
		};
/* End PBXResourcesBuildPhase section */

/* Begin PBXSourcesBuildPhase section */
		16CAECA82328E00300C6F33D /* Sources */ = {
			isa = PBXSourcesBuildPhase;
			buildActionMask = 2147483647;
			files = (
				16CA755723C4683B00E9F918 /* SceneDelegate.swift in Sources */,
				1638B79A23BE461400D0C11A /* PaintingBrush.swift in Sources */,
				16CAECB22328E00300C6F33D /* ViewController.swift in Sources */,
				16CAECC22328E4CA00C6F33D /* CanvasViewController.swift in Sources */,
				16CAECB02328E00300C6F33D /* AppDelegate.swift in Sources */,
			);
			runOnlyForDeploymentPostprocessing = 0;
		};
/* End PBXSourcesBuildPhase section */

/* Begin PBXVariantGroup section */
		16CAECB32328E00300C6F33D /* Main.storyboard */ = {
			isa = PBXVariantGroup;
			children = (
				16CAECB42328E00300C6F33D /* Base */,
			);
			name = Main.storyboard;
			sourceTree = "<group>";
		};
		16CAECB82328E00400C6F33D /* LaunchScreen.storyboard */ = {
			isa = PBXVariantGroup;
			children = (
				16CAECB92328E00400C6F33D /* Base */,
			);
			name = LaunchScreen.storyboard;
			sourceTree = "<group>";
		};
/* End PBXVariantGroup section */

/* Begin XCBuildConfiguration section */
		16CAECBC2328E00400C6F33D /* Debug */ = {
			isa = XCBuildConfiguration;
			buildSettings = {
				ALWAYS_SEARCH_USER_PATHS = NO;
				CLANG_ANALYZER_NONNULL = YES;
				CLANG_ANALYZER_NUMBER_OBJECT_CONVERSION = YES_AGGRESSIVE;
				CLANG_CXX_LANGUAGE_STANDARD = "gnu++14";
				CLANG_CXX_LIBRARY = "libc++";
				CLANG_ENABLE_MODULES = YES;
				CLANG_ENABLE_OBJC_ARC = YES;
				CLANG_ENABLE_OBJC_WEAK = YES;
				CLANG_WARN_BLOCK_CAPTURE_AUTORELEASING = YES;
				CLANG_WARN_BOOL_CONVERSION = YES;
				CLANG_WARN_COMMA = YES;
				CLANG_WARN_CONSTANT_CONVERSION = YES;
				CLANG_WARN_DEPRECATED_OBJC_IMPLEMENTATIONS = YES;
				CLANG_WARN_DIRECT_OBJC_ISA_USAGE = YES_ERROR;
				CLANG_WARN_DOCUMENTATION_COMMENTS = YES;
				CLANG_WARN_EMPTY_BODY = YES;
				CLANG_WARN_ENUM_CONVERSION = YES;
				CLANG_WARN_INFINITE_RECURSION = YES;
				CLANG_WARN_INT_CONVERSION = YES;
				CLANG_WARN_NON_LITERAL_NULL_CONVERSION = YES;
				CLANG_WARN_OBJC_IMPLICIT_RETAIN_SELF = YES;
				CLANG_WARN_OBJC_LITERAL_CONVERSION = YES;
				CLANG_WARN_OBJC_ROOT_CLASS = YES_ERROR;
				CLANG_WARN_RANGE_LOOP_ANALYSIS = YES;
				CLANG_WARN_STRICT_PROTOTYPES = YES;
				CLANG_WARN_SUSPICIOUS_MOVE = YES;
				CLANG_WARN_UNGUARDED_AVAILABILITY = YES_AGGRESSIVE;
				CLANG_WARN_UNREACHABLE_CODE = YES;
				CLANG_WARN__DUPLICATE_METHOD_MATCH = YES;
				CODE_SIGN_IDENTITY = "iPhone Developer";
				COPY_PHASE_STRIP = NO;
				DEBUG_INFORMATION_FORMAT = dwarf;
				ENABLE_STRICT_OBJC_MSGSEND = YES;
				ENABLE_TESTABILITY = YES;
				GCC_C_LANGUAGE_STANDARD = gnu11;
				GCC_DYNAMIC_NO_PIC = NO;
				GCC_NO_COMMON_BLOCKS = YES;
				GCC_OPTIMIZATION_LEVEL = 0;
				GCC_PREPROCESSOR_DEFINITIONS = (
					"DEBUG=1",
					"$(inherited)",
				);
				GCC_WARN_64_TO_32_BIT_CONVERSION = YES;
				GCC_WARN_ABOUT_RETURN_TYPE = YES_ERROR;
				GCC_WARN_UNDECLARED_SELECTOR = YES;
				GCC_WARN_UNINITIALIZED_AUTOS = YES_AGGRESSIVE;
				GCC_WARN_UNUSED_FUNCTION = YES;
				GCC_WARN_UNUSED_VARIABLE = YES;
				IPHONEOS_DEPLOYMENT_TARGET = 13.2;
				MTL_ENABLE_DEBUG_INFO = INCLUDE_SOURCE;
				MTL_FAST_MATH = YES;
				ONLY_ACTIVE_ARCH = YES;
				SDKROOT = iphoneos;
				SWIFT_ACTIVE_COMPILATION_CONDITIONS = DEBUG;
				SWIFT_OPTIMIZATION_LEVEL = "-Onone";
			};
			name = Debug;
		};
		16CAECBD2328E00400C6F33D /* Release */ = {
			isa = XCBuildConfiguration;
			buildSettings = {
				ALWAYS_SEARCH_USER_PATHS = NO;
				CLANG_ANALYZER_NONNULL = YES;
				CLANG_ANALYZER_NUMBER_OBJECT_CONVERSION = YES_AGGRESSIVE;
				CLANG_CXX_LANGUAGE_STANDARD = "gnu++14";
				CLANG_CXX_LIBRARY = "libc++";
				CLANG_ENABLE_MODULES = YES;
				CLANG_ENABLE_OBJC_ARC = YES;
				CLANG_ENABLE_OBJC_WEAK = YES;
				CLANG_WARN_BLOCK_CAPTURE_AUTORELEASING = YES;
				CLANG_WARN_BOOL_CONVERSION = YES;
				CLANG_WARN_COMMA = YES;
				CLANG_WARN_CONSTANT_CONVERSION = YES;
				CLANG_WARN_DEPRECATED_OBJC_IMPLEMENTATIONS = YES;
				CLANG_WARN_DIRECT_OBJC_ISA_USAGE = YES_ERROR;
				CLANG_WARN_DOCUMENTATION_COMMENTS = YES;
				CLANG_WARN_EMPTY_BODY = YES;
				CLANG_WARN_ENUM_CONVERSION = YES;
				CLANG_WARN_INFINITE_RECURSION = YES;
				CLANG_WARN_INT_CONVERSION = YES;
				CLANG_WARN_NON_LITERAL_NULL_CONVERSION = YES;
				CLANG_WARN_OBJC_IMPLICIT_RETAIN_SELF = YES;
				CLANG_WARN_OBJC_LITERAL_CONVERSION = YES;
				CLANG_WARN_OBJC_ROOT_CLASS = YES_ERROR;
				CLANG_WARN_RANGE_LOOP_ANALYSIS = YES;
				CLANG_WARN_STRICT_PROTOTYPES = YES;
				CLANG_WARN_SUSPICIOUS_MOVE = YES;
				CLANG_WARN_UNGUARDED_AVAILABILITY = YES_AGGRESSIVE;
				CLANG_WARN_UNREACHABLE_CODE = YES;
				CLANG_WARN__DUPLICATE_METHOD_MATCH = YES;
				CODE_SIGN_IDENTITY = "iPhone Developer";
				COPY_PHASE_STRIP = NO;
				DEBUG_INFORMATION_FORMAT = "dwarf-with-dsym";
				ENABLE_NS_ASSERTIONS = NO;
				ENABLE_STRICT_OBJC_MSGSEND = YES;
				GCC_C_LANGUAGE_STANDARD = gnu11;
				GCC_NO_COMMON_BLOCKS = YES;
				GCC_WARN_64_TO_32_BIT_CONVERSION = YES;
				GCC_WARN_ABOUT_RETURN_TYPE = YES_ERROR;
				GCC_WARN_UNDECLARED_SELECTOR = YES;
				GCC_WARN_UNINITIALIZED_AUTOS = YES_AGGRESSIVE;
				GCC_WARN_UNUSED_FUNCTION = YES;
				GCC_WARN_UNUSED_VARIABLE = YES;
				IPHONEOS_DEPLOYMENT_TARGET = 13.2;
				MTL_ENABLE_DEBUG_INFO = NO;
				MTL_FAST_MATH = YES;
				SDKROOT = iphoneos;
				SWIFT_COMPILATION_MODE = wholemodule;
				SWIFT_OPTIMIZATION_LEVEL = "-O";
				VALIDATE_PRODUCT = YES;
			};
			name = Release;
		};
		16CAECBF2328E00400C6F33D /* Debug */ = {
			isa = XCBuildConfiguration;
			buildSettings = {
				ASSETCATALOG_COMPILER_APPICON_NAME = AppIcon;
				CODE_SIGN_STYLE = Automatic;
				DEVELOPMENT_TEAM = LNL6T3MTH9;
				INFOPLIST_FILE = DrawDraw/Info.plist;
				LD_RUNPATH_SEARCH_PATHS = (
					"$(inherited)",
					"@executable_path/Frameworks",
				);
				PRODUCT_BUNDLE_IDENTIFIER = com.Lacie.DrawDraw;
				PRODUCT_NAME = "$(TARGET_NAME)";
				SWIFT_VERSION = 5.0;
				TARGETED_DEVICE_FAMILY = "1,2";
			};
			name = Debug;
		};
		16CAECC02328E00400C6F33D /* Release */ = {
			isa = XCBuildConfiguration;
			buildSettings = {
				ASSETCATALOG_COMPILER_APPICON_NAME = AppIcon;
				CODE_SIGN_STYLE = Automatic;
				DEVELOPMENT_TEAM = LNL6T3MTH9;
				INFOPLIST_FILE = DrawDraw/Info.plist;
				LD_RUNPATH_SEARCH_PATHS = (
					"$(inherited)",
					"@executable_path/Frameworks",
				);
				PRODUCT_BUNDLE_IDENTIFIER = com.Lacie.DrawDraw;
				PRODUCT_NAME = "$(TARGET_NAME)";
				SWIFT_VERSION = 5.0;
				TARGETED_DEVICE_FAMILY = "1,2";
			};
			name = Release;
		};
/* End XCBuildConfiguration section */

/* Begin XCConfigurationList section */
		16CAECA72328E00300C6F33D /* Build configuration list for PBXProject "DrawDraw" */ = {
			isa = XCConfigurationList;
			buildConfigurations = (
				16CAECBC2328E00400C6F33D /* Debug */,
				16CAECBD2328E00400C6F33D /* Release */,
			);
			defaultConfigurationIsVisible = 0;
			defaultConfigurationName = Release;
		};
		16CAECBE2328E00400C6F33D /* Build configuration list for PBXNativeTarget "DrawDraw" */ = {
			isa = XCConfigurationList;
			buildConfigurations = (
				16CAECBF2328E00400C6F33D /* Debug */,
				16CAECC02328E00400C6F33D /* Release */,
			);
			defaultConfigurationIsVisible = 0;
			defaultConfigurationName = Release;
		};
/* End XCConfigurationList section */
	};
	rootObject = 16CAECA42328E00300C6F33D /* Project object */;
}
